
Microsoft Visual Studio Solution File, Format Version 12.00
Project("{FAE04EC0-301F-11D3-BF4B-00C04F79EFBC}") = "Shape", "Shape\Shape.csproj", "{42CF5A62-6D75-4C65-A12E-2F4DEE736514}"
EndProject
Global
	GlobalSection(SolutionConfigurationPlatforms) = preSolution
		Debug|Any CPU = Debug|Any CPU
		Release|Any CPU = Release|Any CPU
	EndGlobalSection
	GlobalSection(ProjectConfigurationPlatforms) = postSolution
		{42CF5A62-6D75-4C65-A12E-2F4DEE736514}.Debug|Any CPU.ActiveCfg = Debug|Any CPU
		{42CF5A62-6D75-4C65-A12E-2F4DEE736514}.Debug|Any CPU.Build.0 = Debug|Any CPU
		{42CF5A62-6D75-4C65-A12E-2F4DEE736514}.Release|Any CPU.ActiveCfg = Release|Any CPU
		{42CF5A62-6D75-4C65-A12E-2F4DEE736514}.Release|Any CPU.Build.0 = Release|Any CPU
	EndGlobalSection
EndGlobal
